
Microsoft Visual Studio Solution File, Format Version 12.00
# Visual Studio Version 17
VisualStudioVersion = 17.5.002.0
MinimumVisualStudioVersion = 10.0.40219.1
Project("{9A19103F-16F7-4668-BE54-9A1E7A4F7556}") = "SplitBuildingLimits", "SplitBuildingLimits.csproj", "{A48E3FB1-C919-47F5-961E-B841294585F4}"
EndProject
Project("{FAE04EC0-301F-11D3-BF4B-00C04F79EFBC}") = "WebAPI", "..\WebAPI\WebAPI.csproj", "{F8B16585-69F2-4DD0-805E-A82B82AA3B40}"
EndProject
Global
	GlobalSection(SolutionConfigurationPlatforms) = preSolution
		Debug|Any CPU = Debug|Any CPU
		Release|Any CPU = Release|Any CPU
	EndGlobalSection
	GlobalSection(ProjectConfigurationPlatforms) = postSolution
		{A48E3FB1-C919-47F5-961E-B841294585F4}.Debug|Any CPU.ActiveCfg = Debug|Any CPU
		{A48E3FB1-C919-47F5-961E-B841294585F4}.Debug|Any CPU.Build.0 = Debug|Any CPU
		{A48E3FB1-C919-47F5-961E-B841294585F4}.Release|Any CPU.ActiveCfg = Release|Any CPU
		{A48E3FB1-C919-47F5-961E-B841294585F4}.Release|Any CPU.Build.0 = Release|Any CPU
		{F8B16585-69F2-4DD0-805E-A82B82AA3B40}.Debug|Any CPU.ActiveCfg = Debug|Any CPU
		{F8B16585-69F2-4DD0-805E-A82B82AA3B40}.Debug|Any CPU.Build.0 = Debug|Any CPU
		{F8B16585-69F2-4DD0-805E-A82B82AA3B40}.Release|Any CPU.ActiveCfg = Release|Any CPU
		{F8B16585-69F2-4DD0-805E-A82B82AA3B40}.Release|Any CPU.Build.0 = Release|Any CPU
	EndGlobalSection
	GlobalSection(SolutionProperties) = preSolution
		HideSolutionNode = FALSE
	EndGlobalSection
	GlobalSection(ExtensibilityGlobals) = postSolution
		SolutionGuid = {C934195C-3AD8-4116-A95C-DC798778567D}
	EndGlobalSection
EndGlobal
